
Microsoft Visual Studio Solution File, Format Version 12.00
# Visual Studio Version 17
VisualStudioVersion = 17.0.32112.339
MinimumVisualStudioVersion = 10.0.40219.1
Project("{9A19103F-16F7-4668-BE54-9A1E7A4F7556}") = "CarServer", "CarServer\CarServer.csproj", "{0CE6D490-0B5A-410D-BFC3-FCEF96631C02}"
EndProject
Project("{FAE04EC0-301F-11D3-BF4B-00C04F79EFBC}") = "CarClient", "CarClient\CarClient.csproj", "{067EAA4C-9F7D-4FFF-BF76-54D448F23A34}"
EndProject
Global
	GlobalSection(SolutionConfigurationPlatforms) = preSolution
		Debug|Any CPU = Debug|Any CPU
		Release|Any CPU = Release|Any CPU
	EndGlobalSection
	GlobalSection(ProjectConfigurationPlatforms) = postSolution
		{0CE6D490-0B5A-410D-BFC3-FCEF96631C02}.Debug|Any CPU.ActiveCfg = Debug|Any CPU
		{0CE6D490-0B5A-410D-BFC3-FCEF96631C02}.Debug|Any CPU.Build.0 = Debug|Any CPU
		{0CE6D490-0B5A-410D-BFC3-FCEF96631C02}.Release|Any CPU.ActiveCfg = Release|Any CPU
		{0CE6D490-0B5A-410D-BFC3-FCEF96631C02}.Release|Any CPU.Build.0 = Release|Any CPU
		{067EAA4C-9F7D-4FFF-BF76-54D448F23A34}.Debug|Any CPU.ActiveCfg = Debug|Any CPU
		{067EAA4C-9F7D-4FFF-BF76-54D448F23A34}.Debug|Any CPU.Build.0 = Debug|Any CPU
		{067EAA4C-9F7D-4FFF-BF76-54D448F23A34}.Release|Any CPU.ActiveCfg = Release|Any CPU
		{067EAA4C-9F7D-4FFF-BF76-54D448F23A34}.Release|Any CPU.Build.0 = Release|Any CPU
	EndGlobalSection
	GlobalSection(SolutionProperties) = preSolution
		HideSolutionNode = FALSE
	EndGlobalSection
	GlobalSection(ExtensibilityGlobals) = postSolution
		SolutionGuid = {E703EC6C-6767-438B-B564-4E0EF2040CA4}
	EndGlobalSection
EndGlobal
